
Microsoft Visual Studio Solution File, Format Version 12.00
Project("{FAE04EC0-301F-11D3-BF4B-00C04F79EFBC}") = "ConsoleHttpClient", "ConsoleHttpClient\ConsoleHttpClient.csproj", "{9C85472F-30C4-498E-9253-CE81AED44F02}"
EndProject
Global
	GlobalSection(SolutionConfigurationPlatforms) = preSolution
		Debug|Any CPU = Debug|Any CPU
		Release|Any CPU = Release|Any CPU
	EndGlobalSection
	GlobalSection(ProjectConfigurationPlatforms) = postSolution
		{9C85472F-30C4-498E-9253-CE81AED44F02}.Debug|Any CPU.ActiveCfg = Debug|Any CPU
		{9C85472F-30C4-498E-9253-CE81AED44F02}.Debug|Any CPU.Build.0 = Debug|Any CPU
		{9C85472F-30C4-498E-9253-CE81AED44F02}.Release|Any CPU.ActiveCfg = Release|Any CPU
		{9C85472F-30C4-498E-9253-CE81AED44F02}.Release|Any CPU.Build.0 = Release|Any CPU
	EndGlobalSection
EndGlobal
